PODS:
  - ZYLCustomAlertView (0.1.4)

DEPENDENCIES:
  - ZYLCustomAlertView (from `../../`)

EXTERNAL SOURCES:
  ZYLCustomAlertView:
    :path: ../../

SPEC CHECKSUMS:
  ZYLCustomAlertView: 54d43493d095c8abf526c8ae56ebff33ecf0adc6

PODFILE CHECKSUM: 135ef7c251023fd17341f52eb13965396fcf1045

COCOAPODS: 1.3.1
