PODS:
  - ZYLCustomAlertView (0.0.1)

DEPENDENCIES:
  - ZYLCustomAlertView (from `../../`)

EXTERNAL SOURCES:
  ZYLCustomAlertView:
    :path: "../../"

SPEC CHECKSUMS:
  ZYLCustomAlertView: a2a368504ed474676b938a89117101734c2e44e0

PODFILE CHECKSUM: 135ef7c251023fd17341f52eb13965396fcf1045

COCOAPODS: 1.0.0.beta.4
